// !$*UTF8*$!
{
	archiveVersion = 1;
	classes = {
	};
	objectVersion = 50;
	objects = {

/* Begin PBXBuildFile section */
		7F16F7AE207F5C94002359B7 /* AppDelegate.swift in Sources */ = {isa = PBXBuildFile; fileRef = 7F16F7AD207F5C94002359B7 /* AppDelegate.swift */; };
		7F16F7B0207F5C94002359B7 /* ViewController.swift in Sources */ = {isa = PBXBuildFile; fileRef = 7F16F7AF207F5C94002359B7 /* ViewController.swift */; };
		7F16F7B3207F5C94002359B7 /* Main.storyboard in Resources */ = {isa = PBXBuildFile; fileRef = 7F16F7B1207F5C94002359B7 /* Main.storyboard */; };
		7F16F7B5207F5C97002359B7 /* Assets.xcassets in Resources */ = {isa = PBXBuildFile; fileRef = 7F16F7B4207F5C97002359B7 /* Assets.xcassets */; };
		7F16F7B8207F5C97002359B7 /* LaunchScreen.storyboard in Resources */ = {isa = PBXBuildFile; fileRef = 7F16F7B6207F5C97002359B7 /* LaunchScreen.storyboard */; };
		7F16F7C2207F5F35002359B7 /* Exhibit.swift in Sources */ = {isa = PBXBuildFile; fileRef = 7F16F7C1207F5F35002359B7 /* Exhibit.swift */; };
		7F16F7C4207F5FAE002359B7 /* Loader.swift in Sources */ = {isa = PBXBuildFile; fileRef = 7F16F7C3207F5FAE002359B7 /* Loader.swift */; };
		7F16F7C6207F7759002359B7 /* TableViewCell.swift in Sources */ = {isa = PBXBuildFile; fileRef = 7F16F7C5207F7759002359B7 /* TableViewCell.swift */; };
		7F16F7CA207F7A09002359B7 /* Cell.xib in Resources */ = {isa = PBXBuildFile; fileRef = 7F16F7C9207F7A09002359B7 /* Cell.xib */; };
		7F16F7CC207F7CC2002359B7 /* CollectionViewCell.swift in Sources */ = {isa = PBXBuildFile; fileRef = 7F16F7CB207F7CC2002359B7 /* CollectionViewCell.swift */; };
		7F16F7CE207F7F42002359B7 /* CollectionViewController.swift in Sources */ = {isa = PBXBuildFile; fileRef = 7F16F7CD207F7F42002359B7 /* CollectionViewController.swift */; };
		BAE7D951C0DD10AE517581F4 /* Pods_Exhibit__Test.framework in Frameworks */ = {isa = PBXBuildFile; fileRef = 2471AF93980B1ECB8C9DB6A2 /* Pods_Exhibit__Test.framework */; };
/* End PBXBuildFile section */

/* Begin PBXFileReference section */
		2471AF93980B1ECB8C9DB6A2 /* Pods_Exhibit__Test.framework */ = {isa = PBXFileReference; explicitFileType = wrapper.framework; includeInIndex = 0; path = Pods_Exhibit__Test.framework; sourceTree = BUILT_PRODUCTS_DIR; };
		34F4DB33CCDC8A651BB0D1E1 /* Pods-Exhibitі_Test.debug.xcconfig */ = {isa = PBXFileReference; includeInIndex = 1; lastKnownFileType = text.xcconfig; name = "Pods-Exhibitі_Test.debug.xcconfig"; path = "Pods/Target Support Files/Pods-Exhibitі_Test/Pods-Exhibitі_Test.debug.xcconfig"; sourceTree = "<group>"; };
		7F16F7AA207F5C94002359B7 /* Exhibitі_Test.app */ = {isa = PBXFileReference; explicitFileType = wrapper.application; includeInIndex = 0; path = "Exhibitі_Test.app"; sourceTree = BUILT_PRODUCTS_DIR; };
		7F16F7AD207F5C94002359B7 /* AppDelegate.swift */ = {isa = PBXFileReference; lastKnownFileType = sourcecode.swift; path = AppDelegate.swift; sourceTree = "<group>"; };
		7F16F7AF207F5C94002359B7 /* ViewController.swift */ = {isa = PBXFileReference; lastKnownFileType = sourcecode.swift; path = ViewController.swift; sourceTree = "<group>"; };
		7F16F7B2207F5C94002359B7 /* Base */ = {isa = PBXFileReference; lastKnownFileType = file.storyboard; name = Base; path = Base.lproj/Main.storyboard; sourceTree = "<group>"; };
		7F16F7B4207F5C97002359B7 /* Assets.xcassets */ = {isa = PBXFileReference; lastKnownFileType = folder.assetcatalog; path = Assets.xcassets; sourceTree = "<group>"; };
		7F16F7B7207F5C97002359B7 /* Base */ = {isa = PBXFileReference; lastKnownFileType = file.storyboard; name = Base; path = Base.lproj/LaunchScreen.storyboard; sourceTree = "<group>"; };
		7F16F7B9207F5C97002359B7 /* Info.plist */ = {isa = PBXFileReference; lastKnownFileType = text.plist.xml; path = Info.plist; sourceTree = "<group>"; };
		7F16F7C1207F5F35002359B7 /* Exhibit.swift */ = {isa = PBXFileReference; lastKnownFileType = sourcecode.swift; path = Exhibit.swift; sourceTree = "<group>"; };
		7F16F7C3207F5FAE002359B7 /* Loader.swift */ = {isa = PBXFileReference; lastKnownFileType = sourcecode.swift; path = Loader.swift; sourceTree = "<group>"; };
		7F16F7C5207F7759002359B7 /* TableViewCell.swift */ = {isa = PBXFileReference; lastKnownFileType = sourcecode.swift; path = TableViewCell.swift; sourceTree = "<group>"; };
		7F16F7C9207F7A09002359B7 /* Cell.xib */ = {isa = PBXFileReference; lastKnownFileType = file.xib; path = Cell.xib; sourceTree = "<group>"; };
		7F16F7CB207F7CC2002359B7 /* CollectionViewCell.swift */ = {isa = PBXFileReference; lastKnownFileType = sourcecode.swift; path = CollectionViewCell.swift; sourceTree = "<group>"; };
		7F16F7CD207F7F42002359B7 /* CollectionViewController.swift */ = {isa = PBXFileReference; lastKnownFileType = sourcecode.swift; path = CollectionViewController.swift; sourceTree = "<group>"; };
		CF1F787444176C6B2E5A42E3 /* Pods-Exhibitі_Test.release.xcconfig */ = {isa = PBXFileReference; includeInIndex = 1; lastKnownFileType = text.xcconfig; name = "Pods-Exhibitі_Test.release.xcconfig"; path = "Pods/Target Support Files/Pods-Exhibitі_Test/Pods-Exhibitі_Test.release.xcconfig"; sourceTree = "<group>"; };
/* End PBXFileReference section */

/* Begin PBXFrameworksBuildPhase section */
		7F16F7A7207F5C94002359B7 /* Frameworks */ = {
			isa = PBXFrameworksBuildPhase;
			buildActionMask = 2147483647;
			files = (
				BAE7D951C0DD10AE517581F4 /* Pods_Exhibit__Test.framework in Frameworks */,
			);
			runOnlyForDeploymentPostprocessing = 0;
		};
/* End PBXFrameworksBuildPhase section */

/* Begin PBXGroup section */
		20018F0AB6372FAC45BAB38C /* Frameworks */ = {
			isa = PBXGroup;
			children = (
				2471AF93980B1ECB8C9DB6A2 /* Pods_Exhibit__Test.framework */,
			);
			name = Frameworks;
			sourceTree = "<group>";
		};
		7F16F7A1207F5C94002359B7 = {
			isa = PBXGroup;
			children = (
				7F16F7AC207F5C94002359B7 /* Exhibitі_Test */,
				7F16F7AB207F5C94002359B7 /* Products */,
				FB1B92CB42BB7509006B1434 /* Pods */,
				20018F0AB6372FAC45BAB38C /* Frameworks */,
			);
			sourceTree = "<group>";
		};
		7F16F7AB207F5C94002359B7 /* Products */ = {
			isa = PBXGroup;
			children = (
				7F16F7AA207F5C94002359B7 /* Exhibitі_Test.app */,
			);
			name = Products;
			sourceTree = "<group>";
		};
		7F16F7AC207F5C94002359B7 /* Exhibitі_Test */ = {
			isa = PBXGroup;
			children = (
				7F16F7AD207F5C94002359B7 /* AppDelegate.swift */,
				7F16F7C3207F5FAE002359B7 /* Loader.swift */,
				7F16F7C9207F7A09002359B7 /* Cell.xib */,
				7F16F7AF207F5C94002359B7 /* ViewController.swift */,
				7F16F7C5207F7759002359B7 /* TableViewCell.swift */,
				7F16F7CB207F7CC2002359B7 /* CollectionViewCell.swift */,
				7F16F7CD207F7F42002359B7 /* CollectionViewController.swift */,
				7F16F7C1207F5F35002359B7 /* Exhibit.swift */,
				7F16F7B1207F5C94002359B7 /* Main.storyboard */,
				7F16F7B4207F5C97002359B7 /* Assets.xcassets */,
				7F16F7B6207F5C97002359B7 /* LaunchScreen.storyboard */,
				7F16F7B9207F5C97002359B7 /* Info.plist */,
			);
			path = "Exhibitі_Test";
			sourceTree = "<group>";
		};
		FB1B92CB42BB7509006B1434 /* Pods */ = {
			isa = PBXGroup;
			children = (
				34F4DB33CCDC8A651BB0D1E1 /* Pods-Exhibitі_Test.debug.xcconfig */,
				CF1F787444176C6B2E5A42E3 /* Pods-Exhibitі_Test.release.xcconfig */,
			);
			name = Pods;
			sourceTree = "<group>";
		};
/* End PBXGroup section */

/* Begin PBXNativeTarget section */
		7F16F7A9207F5C94002359B7 /* Exhibitі_Test */ = {
			isa = PBXNativeTarget;
			buildConfigurationList = 7F16F7BC207F5C97002359B7 /* Build configuration list for PBXNativeTarget "Exhibitі_Test" */;
			buildPhases = (
				2688A094EE388931D3A8B41C /* [CP] Check Pods Manifest.lock */,
				7F16F7A6207F5C94002359B7 /* Sources */,
				7F16F7A7207F5C94002359B7 /* Frameworks */,
				7F16F7A8207F5C94002359B7 /* Resources */,
				CCCC6CF7920448CEF2B26B67 /* [CP] Embed Pods Frameworks */,
			);
			buildRules = (
			);
			dependencies = (
			);
			name = "Exhibitі_Test";
			productName = "Exhibitі_Test";
			productReference = 7F16F7AA207F5C94002359B7 /* Exhibitі_Test.app */;
			productType = "com.apple.product-type.application";
		};
/* End PBXNativeTarget section */

/* Begin PBXProject section */
		7F16F7A2207F5C94002359B7 /* Project object */ = {
			isa = PBXProject;
			attributes = {
				LastSwiftUpdateCheck = 0930;
				LastUpgradeCheck = 0930;
				ORGANIZATIONNAME = "Alexander Yakovenko";
				TargetAttributes = {
					7F16F7A9207F5C94002359B7 = {
						CreatedOnToolsVersion = 9.3;
					};
				};
			};
			buildConfigurationList = 7F16F7A5207F5C94002359B7 /* Build configuration list for PBXProject "Exhibitі_Test" */;
			compatibilityVersion = "Xcode 9.3";
			developmentRegion = en;
			hasScannedForEncodings = 0;
			knownRegions = (
				en,
				Base,
			);
			mainGroup = 7F16F7A1207F5C94002359B7;
			productRefGroup = 7F16F7AB207F5C94002359B7 /* Products */;
			projectDirPath = "";
			projectRoot = "";
			targets = (
				7F16F7A9207F5C94002359B7 /* Exhibitі_Test */,
			);
		};
/* End PBXProject section */

/* Begin PBXResourcesBuildPhase section */
		7F16F7A8207F5C94002359B7 /* Resources */ = {
			isa = PBXResourcesBuildPhase;
			buildActionMask = 2147483647;
			files = (
				7F16F7B8207F5C97002359B7 /* LaunchScreen.storyboard in Resources */,
				7F16F7CA207F7A09002359B7 /* Cell.xib in Resources */,
				7F16F7B5207F5C97002359B7 /* Assets.xcassets in Resources */,
				7F16F7B3207F5C94002359B7 /* Main.storyboard in Resources */,
			);
			runOnlyForDeploymentPostprocessing = 0;
		};
/* End PBXResourcesBuildPhase section */

/* Begin PBXShellScriptBuildPhase section */
		2688A094EE388931D3A8B41C /* [CP] Check Pods Manifest.lock */ = {
			isa = PBXShellScriptBuildPhase;
			buildActionMask = 2147483647;
			files = (
			);
			inputPaths = (
				"${PODS_PODFILE_DIR_PATH}/Podfile.lock",
				"${PODS_ROOT}/Manifest.lock",
			);
			name = "[CP] Check Pods Manifest.lock";
			outputPaths = (
				"$(DERIVED_FILE_DIR)/Pods-Exhibitі_Test-checkManifestLockResult.txt",
			);
			runOnlyForDeploymentPostprocessing = 0;
			shellPath = /bin/sh;
			shellScript = "diff \"${PODS_PODFILE_DIR_PATH}/Podfile.lock\" \"${PODS_ROOT}/Manifest.lock\" > /dev/null\nif [ $? != 0 ] ; then\n    # print error to STDERR\n    echo \"error: The sandbox is not in sync with the Podfile.lock. Run 'pod install' or update your CocoaPods installation.\" >&2\n    exit 1\nfi\n# This output is used by Xcode 'outputs' to avoid re-running this script phase.\necho \"SUCCESS\" > \"${SCRIPT_OUTPUT_FILE_0}\"\n";
			showEnvVarsInLog = 0;
		};
		CCCC6CF7920448CEF2B26B67 /* [CP] Embed Pods Frameworks */ = {
			isa = PBXShellScriptBuildPhase;
			buildActionMask = 8;
			files = (
			);
			inputPaths = (
				"${SRCROOT}/Pods/Target Support Files/Pods-Exhibitі_Test/Pods-Exhibitі_Test-frameworks.sh",
				"${BUILT_PRODUCTS_DIR}/Alamofire/Alamofire.framework",
			);
			name = "[CP] Embed Pods Frameworks";
			outputPaths = (
				"${TARGET_BUILD_DIR}/${FRAMEWORKS_FOLDER_PATH}/Alamofire.framework",
			);
			runOnlyForDeploymentPostprocessing = 1;
			shellPath = /bin/sh;
			shellScript = "\"${SRCROOT}/Pods/Target Support Files/Pods-Exhibitі_Test/Pods-Exhibitі_Test-frameworks.sh\"\n";
		};
/* End PBXShellScriptBuildPhase section */

/* Begin PBXSourcesBuildPhase section */
		7F16F7A6207F5C94002359B7 /* Sources */ = {
			isa = PBXSourcesBuildPhase;
			buildActionMask = 2147483647;
			files = (
				7F16F7C6207F7759002359B7 /* TableViewCell.swift in Sources */,
				7F16F7C2207F5F35002359B7 /* Exhibit.swift in Sources */,
				7F16F7CC207F7CC2002359B7 /* CollectionViewCell.swift in Sources */,
				7F16F7B0207F5C94002359B7 /* ViewController.swift in Sources */,
				7F16F7CE207F7F42002359B7 /* CollectionViewController.swift in Sources */,
				7F16F7C4207F5FAE002359B7 /* Loader.swift in Sources */,
				7F16F7AE207F5C94002359B7 /* AppDelegate.swift in Sources */,
			);
			runOnlyForDeploymentPostprocessing = 0;
		};
/* End PBXSourcesBuildPhase section */

/* Begin PBXVariantGroup section */
		7F16F7B1207F5C94002359B7 /* Main.storyboard */ = {
			isa = PBXVariantGroup;
			children = (
				7F16F7B2207F5C94002359B7 /* Base */,
			);
			name = Main.storyboard;
			sourceTree = "<group>";
		};
		7F16F7B6207F5C97002359B7 /* LaunchScreen.storyboard */ = {
			isa = PBXVariantGroup;
			children = (
				7F16F7B7207F5C97002359B7 /* Base */,
			);
			name = LaunchScreen.storyboard;
			sourceTree = "<group>";
		};
/* End PBXVariantGroup section */

/* Begin XCBuildConfiguration section */
		7F16F7BA207F5C97002359B7 /* Debug */ = {
			isa = XCBuildConfiguration;
			buildSettings = {
				ALWAYS_SEARCH_USER_PATHS = NO;
				CLANG_ANALYZER_NONNULL = YES;
				CLANG_ANALYZER_NUMBER_OBJECT_CONVERSION = YES_AGGRESSIVE;
				CLANG_CXX_LANGUAGE_STANDARD = "gnu++14";
				CLANG_CXX_LIBRARY = "libc++";
				CLANG_ENABLE_MODULES = YES;
				CLANG_ENABLE_OBJC_ARC = YES;
				CLANG_ENABLE_OBJC_WEAK = YES;
				CLANG_WARN_BLOCK_CAPTURE_AUTORELEASING = YES;
				CLANG_WARN_BOOL_CONVERSION = YES;
				CLANG_WARN_COMMA = YES;
				CLANG_WARN_CONSTANT_CONVERSION = YES;
				CLANG_WARN_DEPRECATED_OBJC_IMPLEMENTATIONS = YES;
				CLANG_WARN_DIRECT_OBJC_ISA_USAGE = YES_ERROR;
				CLANG_WARN_DOCUMENTATION_COMMENTS = YES;
				CLANG_WARN_EMPTY_BODY = YES;
				CLANG_WARN_ENUM_CONVERSION = YES;
				CLANG_WARN_INFINITE_RECURSION = YES;
				CLANG_WARN_INT_CONVERSION = YES;
				CLANG_WARN_NON_LITERAL_NULL_CONVERSION = YES;
				CLANG_WARN_OBJC_IMPLICIT_RETAIN_SELF = YES;
				CLANG_WARN_OBJC_LITERAL_CONVERSION = YES;
				CLANG_WARN_OBJC_ROOT_CLASS = YES_ERROR;
				CLANG_WARN_RANGE_LOOP_ANALYSIS = YES;
				CLANG_WARN_STRICT_PROTOTYPES = YES;
				CLANG_WARN_SUSPICIOUS_MOVE = YES;
				CLANG_WARN_UNGUARDED_AVAILABILITY = YES_AGGRESSIVE;
				CLANG_WARN_UNREACHABLE_CODE = YES;
				CLANG_WARN__DUPLICATE_METHOD_MATCH = YES;
				CODE_SIGN_IDENTITY = "iPhone Developer";
				COPY_PHASE_STRIP = NO;
				DEBUG_INFORMATION_FORMAT = dwarf;
				ENABLE_STRICT_OBJC_MSGSEND = YES;
				ENABLE_TESTABILITY = YES;
				GCC_C_LANGUAGE_STANDARD = gnu11;
				GCC_DYNAMIC_NO_PIC = NO;
				GCC_NO_COMMON_BLOCKS = YES;
				GCC_OPTIMIZATION_LEVEL = 0;
				GCC_PREPROCESSOR_DEFINITIONS = (
					"DEBUG=1",
					"$(inherited)",
				);
				GCC_WARN_64_TO_32_BIT_CONVERSION = YES;
				GCC_WARN_ABOUT_RETURN_TYPE = YES_ERROR;
				GCC_WARN_UNDECLARED_SELECTOR = YES;
				GCC_WARN_UNINITIALIZED_AUTOS = YES_AGGRESSIVE;
				GCC_WARN_UNUSED_FUNCTION = YES;
				GCC_WARN_UNUSED_VARIABLE = YES;
				IPHONEOS_DEPLOYMENT_TARGET = 11.3;
				MTL_ENABLE_DEBUG_INFO = YES;
				ONLY_ACTIVE_ARCH = YES;
				SDKROOT = iphoneos;
				SWIFT_ACTIVE_COMPILATION_CONDITIONS = DEBUG;
				SWIFT_OPTIMIZATION_LEVEL = "-Onone";
			};
			name = Debug;
		};
		7F16F7BB207F5C97002359B7 /* Release */ = {
			isa = XCBuildConfiguration;
			buildSettings = {
				ALWAYS_SEARCH_USER_PATHS = NO;
				CLANG_ANALYZER_NONNULL = YES;
				CLANG_ANALYZER_NUMBER_OBJECT_CONVERSION = YES_AGGRESSIVE;
				CLANG_CXX_LANGUAGE_STANDARD = "gnu++14";
				CLANG_CXX_LIBRARY = "libc++";
				CLANG_ENABLE_MODULES = YES;
				CLANG_ENABLE_OBJC_ARC = YES;
				CLANG_ENABLE_OBJC_WEAK = YES;
				CLANG_WARN_BLOCK_CAPTURE_AUTORELEASING = YES;
				CLANG_WARN_BOOL_CONVERSION = YES;
				CLANG_WARN_COMMA = YES;
				CLANG_WARN_CONSTANT_CONVERSION = YES;
				CLANG_WARN_DEPRECATED_OBJC_IMPLEMENTATIONS = YES;
				CLANG_WARN_DIRECT_OBJC_ISA_USAGE = YES_ERROR;
				CLANG_WARN_DOCUMENTATION_COMMENTS = YES;
				CLANG_WARN_EMPTY_BODY = YES;
				CLANG_WARN_ENUM_CONVERSION = YES;
				CLANG_WARN_INFINITE_RECURSION = YES;
				CLANG_WARN_INT_CONVERSION = YES;
				CLANG_WARN_NON_LITERAL_NULL_CONVERSION = YES;
				CLANG_WARN_OBJC_IMPLICIT_RETAIN_SELF = YES;
				CLANG_WARN_OBJC_LITERAL_CONVERSION = YES;
				CLANG_WARN_OBJC_ROOT_CLASS = YES_ERROR;
				CLANG_WARN_RANGE_LOOP_ANALYSIS = YES;
				CLANG_WARN_STRICT_PROTOTYPES = YES;
				CLANG_WARN_SUSPICIOUS_MOVE = YES;
				CLANG_WARN_UNGUARDED_AVAILABILITY = YES_AGGRESSIVE;
				CLANG_WARN_UNREACHABLE_CODE = YES;
				CLANG_WARN__DUPLICATE_METHOD_MATCH = YES;
				CODE_SIGN_IDENTITY = "iPhone Developer";
				COPY_PHASE_STRIP = NO;
				DEBUG_INFORMATION_FORMAT = "dwarf-with-dsym";
				ENABLE_NS_ASSERTIONS = NO;
				ENABLE_STRICT_OBJC_MSGSEND = YES;
				GCC_C_LANGUAGE_STANDARD = gnu11;
				GCC_NO_COMMON_BLOCKS = YES;
				GCC_WARN_64_TO_32_BIT_CONVERSION = YES;
				GCC_WARN_ABOUT_RETURN_TYPE = YES_ERROR;
				GCC_WARN_UNDECLARED_SELECTOR = YES;
				GCC_WARN_UNINITIALIZED_AUTOS = YES_AGGRESSIVE;
				GCC_WARN_UNUSED_FUNCTION = YES;
				GCC_WARN_UNUSED_VARIABLE = YES;
				IPHONEOS_DEPLOYMENT_TARGET = 11.3;
				MTL_ENABLE_DEBUG_INFO = NO;
				SDKROOT = iphoneos;
				SWIFT_COMPILATION_MODE = wholemodule;
				SWIFT_OPTIMIZATION_LEVEL = "-O";
				VALIDATE_PRODUCT = YES;
			};
			name = Release;
		};
		7F16F7BD207F5C97002359B7 /* Debug */ = {
			isa = XCBuildConfiguration;
			baseConfigurationReference = 34F4DB33CCDC8A651BB0D1E1 /* Pods-Exhibitі_Test.debug.xcconfig */;
			buildSettings = {
				ASSETCATALOG_COMPILER_APPICON_NAME = AppIcon;
				CODE_SIGN_STYLE = Automatic;
				DEVELOPMENT_TEAM = 3HY885L7L9;
				ENABLE_BITCODE = NO;
				FRAMEWORK_SEARCH_PATHS = "$(inherited)";
				INFOPLIST_FILE = "Exhibitі_Test/Info.plist";
				LD_RUNPATH_SEARCH_PATHS = (
					"$(inherited)",
					"@executable_path/Frameworks",
				);
				PRODUCT_BUNDLE_IDENTIFIER = "Alexander-Yakovenko.Exhibit--Test";
				PRODUCT_NAME = "$(TARGET_NAME)";
				SWIFT_VERSION = 3.0;
				TARGETED_DEVICE_FAMILY = "1,2";
			};
			name = Debug;
		};
		7F16F7BE207F5C97002359B7 /* Release */ = {
			isa = XCBuildConfiguration;
			baseConfigurationReference = CF1F787444176C6B2E5A42E3 /* Pods-Exhibitі_Test.release.xcconfig */;
			buildSettings = {
				ASSETCATALOG_COMPILER_APPICON_NAME = AppIcon;
				CODE_SIGN_STYLE = Automatic;
				DEVELOPMENT_TEAM = 3HY885L7L9;
				ENABLE_BITCODE = NO;
				FRAMEWORK_SEARCH_PATHS = "$(inherited)";
				INFOPLIST_FILE = "Exhibitі_Test/Info.plist";
				LD_RUNPATH_SEARCH_PATHS = (
					"$(inherited)",
					"@executable_path/Frameworks",
				);
				PRODUCT_BUNDLE_IDENTIFIER = "Alexander-Yakovenko.Exhibit--Test";
				PRODUCT_NAME = "$(TARGET_NAME)";
				SWIFT_VERSION = 3.0;
				TARGETED_DEVICE_FAMILY = "1,2";
			};
			name = Release;
		};
/* End XCBuildConfiguration section */

/* Begin XCConfigurationList section */
		7F16F7A5207F5C94002359B7 /* Build configuration list for PBXProject "Exhibitі_Test" */ = {
			isa = XCConfigurationList;
			buildConfigurations = (
				7F16F7BA207F5C97002359B7 /* Debug */,
				7F16F7BB207F5C97002359B7 /* Release */,
			);
			defaultConfigurationIsVisible = 0;
			defaultConfigurationName = Release;
		};
		7F16F7BC207F5C97002359B7 /* Build configuration list for PBXNativeTarget "Exhibitі_Test" */ = {
			isa = XCConfigurationList;
			buildConfigurations = (
				7F16F7BD207F5C97002359B7 /* Debug */,
				7F16F7BE207F5C97002359B7 /* Release */,
			);
			defaultConfigurationIsVisible = 0;
			defaultConfigurationName = Release;
		};
/* End XCConfigurationList section */
	};
	rootObject = 7F16F7A2207F5C94002359B7 /* Project object */;
}
